PODS:
  - Alamofire (5.0.5)
  - RSLoadingView (1.1.3)
  - SpreadsheetView (0.8.4)

DEPENDENCIES:
  - Alamofire (~> 5.0.0-rc.3)
  - RSLoadingView
  - SpreadsheetView

SPEC REPOS:
  trunk:
    - Alamofire
    - RSLoadingView
    - SpreadsheetView

SPEC CHECKSUMS:
  Alamofire: df2f8f826963b08b9a870791ad48e07a10090b2e
  RSLoadingView: c7749afdd455229643e8f34277d0695973a15b1a
  SpreadsheetView: 17c55b6dc82099993cc2ceb818248d19f3220998

PODFILE CHECKSUM: 560d6c8bcb911d7d1ba3cba34a814e578664d589

COCOAPODS: 1.9.3
